// !$*UTF8*$!
{
	archiveVersion = 1;
	classes = {
	};
	objectVersion = 77;
	objects = {

/* Begin PBXContainerItemProxy section */
		D45122B62FCAC53E0069CA00 /* PBXContainerItemProxy */ = {
			isa = PBXContainerItemProxy;
			containerPortal = D451229E2FCAC53D0069CA00 /* Project object */;
			proxyType = 1;
			remoteGlobalIDString = D45122A52FCAC53D0069CA00;
			remoteInfo = "NurseryConnect-TabOS";
		};
		D45122C02FCAC53E0069CA00 /* PBXContainerItemProxy */ = {
			isa = PBXContainerItemProxy;
			containerPortal = D451229E2FCAC53D0069CA00 /* Project object */;
			proxyType = 1;
			remoteGlobalIDString = D45122A52FCAC53D0069CA00;
			remoteInfo = "NurseryConnect-TabOS";
		};
/* End PBXContainerItemProxy section */

/* Begin PBXFileReference section */
		D45122A62FCAC53D0069CA00 /* NurseryConnect-TabOS.app */ = {isa = PBXFileReference; explicitFileType = wrapper.application; includeInIndex = 0; path = "NurseryConnect-TabOS.app"; sourceTree = BUILT_PRODUCTS_DIR; };
		D45122B52FCAC53E0069CA00 /* NurseryConnect-TabOSTests.xctest */ = {isa = PBXFileReference; explicitFileType = wrapper.cfbundle; includeInIndex = 0; path = "NurseryConnect-TabOSTests.xctest"; sourceTree = BUILT_PRODUCTS_DIR; };
		D45122BF2FCAC53E0069CA00 /* NurseryConnect-TabOSUITests.xctest */ = {isa = PBXFileReference; explicitFileType = wrapper.cfbundle; includeInIndex = 0; path = "NurseryConnect-TabOSUITests.xctest"; sourceTree = BUILT_PRODUCTS_DIR; };
/* End PBXFileReference section */

/* Begin PBXFileSystemSynchronizedRootGroup section */
		D45122A82FCAC53D0069CA00 /* NurseryConnect-TabOS */ = {
			isa = PBXFileSystemSynchronizedRootGroup;
			path = "NurseryConnect-TabOS";
			sourceTree = "<group>";
		};
		D45122B82FCAC53E0069CA00 /* NurseryConnect-TabOSTests */ = {
			isa = PBXFileSystemSynchronizedRootGroup;
			path = "NurseryConnect-TabOSTests";
			sourceTree = "<group>";
		};
		D45122C22FCAC53E0069CA00 /* NurseryConnect-TabOSUITests */ = {
			isa = PBXFileSystemSynchronizedRootGroup;
			path = "NurseryConnect-TabOSUITests";
			sourceTree = "<group>";
		};
		D45122D22FCAC5A20069CA00 /* docs */ = {
			isa = PBXFileSystemSynchronizedRootGroup;
			path = docs;
			sourceTree = "<group>";
		};
/* End PBXFileSystemSynchronizedRootGroup section */

/* Begin PBXFrameworksBuildPhase section */
		D45122A32FCAC53D0069CA00 /* Frameworks */ = {
			isa = PBXFrameworksBuildPhase;
			buildActionMask = 2147483647;
			files = (
			);
			runOnlyForDeploymentPostprocessing = 0;
		};
		D45122B22FCAC53E0069CA00 /* Frameworks */ = {
			isa = PBXFrameworksBuildPhase;
			buildActionMask = 2147483647;
			files = (
			);
			runOnlyForDeploymentPostprocessing = 0;
		};
		D45122BC2FCAC53E0069CA00 /* Frameworks */ = {
			isa = PBXFrameworksBuildPhase;
			buildActionMask = 2147483647;
			files = (
			);
			runOnlyForDeploymentPostprocessing = 0;
		};
/* End PBXFrameworksBuildPhase section */

/* Begin PBXGroup section */
		D451229D2FCAC53D0069CA00 = {
			isa = PBXGroup;
			children = (
				D45122D22FCAC5A20069CA00 /* docs */,
				D45122A82FCAC53D0069CA00 /* NurseryConnect-TabOS */,
				D45122B82FCAC53E0069CA00 /* NurseryConnect-TabOSTests */,
				D45122C22FCAC53E0069CA00 /* NurseryConnect-TabOSUITests */,
				D45122A72FCAC53D0069CA00 /* Products */,
			);
			sourceTree = "<group>";
		};
		D45122A72FCAC53D0069CA00 /* Products */ = {
			isa = PBXGroup;
			children = (
				D45122A62FCAC53D0069CA00 /* NurseryConnect-TabOS.app */,
				D45122B52FCAC53E0069CA00 /* NurseryConnect-TabOSTests.xctest */,
				D45122BF2FCAC53E0069CA00 /* NurseryConnect-TabOSUITests.xctest */,
			);
			name = Products;
			sourceTree = "<group>";
		};
/* End PBXGroup section */

/* Begin PBXNativeTarget section */
		D45122A52FCAC53D0069CA00 /* NurseryConnect-TabOS */ = {
			isa = PBXNativeTarget;
			buildConfigurationList = D45122C92FCAC53E0069CA00 /* Build configuration list for PBXNativeTarget "NurseryConnect-TabOS" */;
			buildPhases = (
				D45122A22FCAC53D0069CA00 /* Sources */,
				D45122A32FCAC53D0069CA00 /* Frameworks */,
				D45122A42FCAC53D0069CA00 /* Resources */,
			);
			buildRules = (
			);
			dependencies = (
			);
			fileSystemSynchronizedGroups = (
				D45122A82FCAC53D0069CA00 /* NurseryConnect-TabOS */,
				D45122D22FCAC5A20069CA00 /* docs */,
			);
			name = "NurseryConnect-TabOS";
			packageProductDependencies = (
			);
			productName = "NurseryConnect-TabOS";
			productReference = D45122A62FCAC53D0069CA00 /* NurseryConnect-TabOS.app */;
			productType = "com.apple.product-type.application";
		};
		D45122B42FCAC53E0069CA00 /* NurseryConnect-TabOSTests */ = {
			isa = PBXNativeTarget;
			buildConfigurationList = D45122CC2FCAC53E0069CA00 /* Build configuration list for PBXNativeTarget "NurseryConnect-TabOSTests" */;
			buildPhases = (
				D45122B12FCAC53E0069CA00 /* Sources */,
				D45122B22FCAC53E0069CA00 /* Frameworks */,
				D45122B32FCAC53E0069CA00 /* Resources */,
			);
			buildRules = (
			);
			dependencies = (
				D45122B72FCAC53E0069CA00 /* PBXTargetDependency */,
			);
			fileSystemSynchronizedGroups = (
				D45122B82FCAC53E0069CA00 /* NurseryConnect-TabOSTests */,
			);
			name = "NurseryConnect-TabOSTests";
			packageProductDependencies = (
			);
			productName = "NurseryConnect-TabOSTests";
			productReference = D45122B52FCAC53E0069CA00 /* NurseryConnect-TabOSTests.xctest */;
			productType = "com.apple.product-type.bundle.unit-test";
		};
		D45122BE2FCAC53E0069CA00 /* NurseryConnect-TabOSUITests */ = {
			isa = PBXNativeTarget;
			buildConfigurationList = D45122CF2FCAC53E0069CA00 /* Build configuration list for PBXNativeTarget "NurseryConnect-TabOSUITests" */;
			buildPhases = (
				D45122BB2FCAC53E0069CA00 /* Sources */,
				D45122BC2FCAC53E0069CA00 /* Frameworks */,
				D45122BD2FCAC53E0069CA00 /* Resources */,
			);
			buildRules = (
			);
			dependencies = (
				D45122C12FCAC53E0069CA00 /* PBXTargetDependency */,
			);
			fileSystemSynchronizedGroups = (
				D45122C22FCAC53E0069CA00 /* NurseryConnect-TabOSUITests */,
			);
			name = "NurseryConnect-TabOSUITests";
			packageProductDependencies = (
			);
			productName = "NurseryConnect-TabOSUITests";
			productReference = D45122BF2FCAC53E0069CA00 /* NurseryConnect-TabOSUITests.xctest */;
			productType = "com.apple.product-type.bundle.ui-testing";
		};
/* End PBXNativeTarget section */

/* Begin PBXProject section */
		D451229E2FCAC53D0069CA00 /* Project object */ = {
			isa = PBXProject;
			attributes = {
				BuildIndependentTargetsInParallel = 1;
				LastSwiftUpdateCheck = 2600;
				LastUpgradeCheck = 2600;
				TargetAttributes = {
					D45122A52FCAC53D0069CA00 = {
						CreatedOnToolsVersion = 26.0.1;
					};
					D45122B42FCAC53E0069CA00 = {
						CreatedOnToolsVersion = 26.0.1;
						TestTargetID = D45122A52FCAC53D0069CA00;
					};
					D45122BE2FCAC53E0069CA00 = {
						CreatedOnToolsVersion = 26.0.1;
						TestTargetID = D45122A52FCAC53D0069CA00;
					};
				};
			};
			buildConfigurationList = D45122A12FCAC53D0069CA00 /* Build configuration list for PBXProject "NurseryConnect-TabOS" */;
			developmentRegion = en;
			hasScannedForEncodings = 0;
			knownRegions = (
				en,
				Base,
			);
			mainGroup = D451229D2FCAC53D0069CA00;
			minimizedProjectReferenceProxies = 1;
			preferredProjectObjectVersion = 77;
			productRefGroup = D45122A72FCAC53D0069CA00 /* Products */;
			projectDirPath = "";
			projectRoot = "";
			targets = (
				D45122A52FCAC53D0069CA00 /* NurseryConnect-TabOS */,
				D45122B42FCAC53E0069CA00 /* NurseryConnect-TabOSTests */,
				D45122BE2FCAC53E0069CA00 /* NurseryConnect-TabOSUITests */,
			);
		};
/* End PBXProject section */

/* Begin PBXResourcesBuildPhase section */
		D45122A42FCAC53D0069CA00 /* Resources */ = {
			isa = PBXResourcesBuildPhase;
			buildActionMask = 2147483647;
			files = (
			);
			runOnlyForDeploymentPostprocessing = 0;
		};
		D45122B32FCAC53E0069CA00 /* Resources */ = {
			isa = PBXResourcesBuildPhase;
			buildActionMask = 2147483647;
			files = (
			);
			runOnlyForDeploymentPostprocessing = 0;
		};
		D45122BD2FCAC53E0069CA00 /* Resources */ = {
			isa = PBXResourcesBuildPhase;
			buildActionMask = 2147483647;
			files = (
			);
			runOnlyForDeploymentPostprocessing = 0;
		};
/* End PBXResourcesBuildPhase section */

/* Begin PBXSourcesBuildPhase section */
		D45122A22FCAC53D0069CA00 /* Sources */ = {
			isa = PBXSourcesBuildPhase;
			buildActionMask = 2147483647;
			files = (
			);
			runOnlyForDeploymentPostprocessing = 0;
		};
		D45122B12FCAC53E0069CA00 /* Sources */ = {
			isa = PBXSourcesBuildPhase;
			buildActionMask = 2147483647;
			files = (
			);
			runOnlyForDeploymentPostprocessing = 0;
		};
		D45122BB2FCAC53E0069CA00 /* Sources */ = {
			isa = PBXSourcesBuildPhase;
			buildActionMask = 2147483647;
			files = (
			);
			runOnlyForDeploymentPostprocessing = 0;
		};
/* End PBXSourcesBuildPhase section */

/* Begin PBXTargetDependency section */
		D45122B72FCAC53E0069CA00 /* PBXTargetDependency */ = {
			isa = PBXTargetDependency;
			target = D45122A52FCAC53D0069CA00 /* NurseryConnect-TabOS */;
			targetProxy = D45122B62FCAC53E0069CA00 /* PBXContainerItemProxy */;
		};
		D45122C12FCAC53E0069CA00 /* PBXTargetDependency */ = {
			isa = PBXTargetDependency;
			target = D45122A52FCAC53D0069CA00 /* NurseryConnect-TabOS */;
			targetProxy = D45122C02FCAC53E0069CA00 /* PBXContainerItemProxy */;
		};
/* End PBXTargetDependency section */

/* Begin XCBuildConfiguration section */
		D45122C72FCAC53E0069CA00 /* Debug */ = {
			isa = XCBuildConfiguration;
			buildSettings = {
				ALWAYS_SEARCH_USER_PATHS = NO;
				ASSETCATALOG_COMPILER_GENERATE_SWIFT_ASSET_SYMBOL_EXTENSIONS = YES;
				CLANG_ANALYZER_NONNULL = YES;
				CLANG_ANALYZER_NUMBER_OBJECT_CONVERSION = YES_AGGRESSIVE;
				CLANG_CXX_LANGUAGE_STANDARD = "gnu++20";
				CLANG_ENABLE_MODULES = YES;
				CLANG_ENABLE_OBJC_ARC = YES;
				CLANG_ENABLE_OBJC_WEAK = YES;
				CLANG_WARN_BLOCK_CAPTURE_AUTORELEASING = YES;
				CLANG_WARN_BOOL_CONVERSION = YES;
				CLANG_WARN_COMMA = YES;
				CLANG_WARN_CONSTANT_CONVERSION = YES;
				CLANG_WARN_DEPRECATED_OBJC_IMPLEMENTATIONS = YES;
				CLANG_WARN_DIRECT_OBJC_ISA_USAGE = YES_ERROR;
				CLANG_WARN_DOCUMENTATION_COMMENTS = YES;
				CLANG_WARN_EMPTY_BODY = YES;
				CLANG_WARN_ENUM_CONVERSION = YES;
				CLANG_WARN_INFINITE_RECURSION = YES;
				CLANG_WARN_INT_CONVERSION = YES;
				CLANG_WARN_NON_LITERAL_NULL_CONVERSION = YES;
				CLANG_WARN_OBJC_IMPLICIT_RETAIN_SELF = YES;
				CLANG_WARN_OBJC_LITERAL_CONVERSION = YES;
				CLANG_WARN_OBJC_ROOT_CLASS = YES_ERROR;
				CLANG_WARN_QUOTED_INCLUDE_IN_FRAMEWORK_HEADER = YES;
				CLANG_WARN_RANGE_LOOP_ANALYSIS = YES;
				CLANG_WARN_STRICT_PROTOTYPES = YES;
				CLANG_WARN_SUSPICIOUS_MOVE = YES;
				CLANG_WARN_UNGUARDED_AVAILABILITY = YES_AGGRESSIVE;
				CLANG_WARN_UNREACHABLE_CODE = YES;
				CLANG_WARN__DUPLICATE_METHOD_MATCH = YES;
				COPY_PHASE_STRIP = NO;
				DEBUG_INFORMATION_FORMAT = dwarf;
				ENABLE_STRICT_OBJC_MSGSEND = YES;
				ENABLE_TESTABILITY = YES;
				ENABLE_USER_SCRIPT_SANDBOXING = YES;
				GCC_C_LANGUAGE_STANDARD = gnu17;
				GCC_DYNAMIC_NO_PIC = NO;
				GCC_NO_COMMON_BLOCKS = YES;
				GCC_OPTIMIZATION_LEVEL = 0;
				GCC_PREPROCESSOR_DEFINITIONS = (
					"DEBUG=1",
					"$(inherited)",
				);
				GCC_WARN_64_TO_32_BIT_CONVERSION = YES;
				GCC_WARN_ABOUT_RETURN_TYPE = YES_ERROR;
				GCC_WARN_UNDECLARED_SELECTOR = YES;
				GCC_WARN_UNINITIALIZED_AUTOS = YES_AGGRESSIVE;
				GCC_WARN_UNUSED_FUNCTION = YES;
				GCC_WARN_UNUSED_VARIABLE = YES;
				IPHONEOS_DEPLOYMENT_TARGET = 26.0;
				LOCALIZATION_PREFERS_STRING_CATALOGS = YES;
				MTL_ENABLE_DEBUG_INFO = INCLUDE_SOURCE;
				MTL_FAST_MATH = YES;
				ONLY_ACTIVE_ARCH = YES;
				SDKROOT = iphoneos;
				SWIFT_ACTIVE_COMPILATION_CONDITIONS = "DEBUG $(inherited)";
				SWIFT_OPTIMIZATION_LEVEL = "-Onone";
			};
			name = Debug;
		};
		D45122C82FCAC53E0069CA00 /* Release */ = {
			isa = XCBuildConfiguration;
			buildSettings = {
				ALWAYS_SEARCH_USER_PATHS = NO;
				ASSETCATALOG_COMPILER_GENERATE_SWIFT_ASSET_SYMBOL_EXTENSIONS = YES;
				CLANG_ANALYZER_NONNULL = YES;
				CLANG_ANALYZER_NUMBER_OBJECT_CONVERSION = YES_AGGRESSIVE;
				CLANG_CXX_LANGUAGE_STANDARD = "gnu++20";
				CLANG_ENABLE_MODULES = YES;
				CLANG_ENABLE_OBJC_ARC = YES;
				CLANG_ENABLE_OBJC_WEAK = YES;
				CLANG_WARN_BLOCK_CAPTURE_AUTORELEASING = YES;
				CLANG_WARN_BOOL_CONVERSION = YES;
				CLANG_WARN_COMMA = YES;
				CLANG_WARN_CONSTANT_CONVERSION = YES;
				CLANG_WARN_DEPRECATED_OBJC_IMPLEMENTATIONS = YES;
				CLANG_WARN_DIRECT_OBJC_ISA_USAGE = YES_ERROR;
				CLANG_WARN_DOCUMENTATION_COMMENTS = YES;
				CLANG_WARN_EMPTY_BODY = YES;
				CLANG_WARN_ENUM_CONVERSION = YES;
				CLANG_WARN_INFINITE_RECURSION = YES;
				CLANG_WARN_INT_CONVERSION = YES;
				CLANG_WARN_NON_LITERAL_NULL_CONVERSION = YES;
				CLANG_WARN_OBJC_IMPLICIT_RETAIN_SELF = YES;
				CLANG_WARN_OBJC_LITERAL_CONVERSION = YES;
				CLANG_WARN_OBJC_ROOT_CLASS = YES_ERROR;
				CLANG_WARN_QUOTED_INCLUDE_IN_FRAMEWORK_HEADER = YES;
				CLANG_WARN_RANGE_LOOP_ANALYSIS = YES;
				CLANG_WARN_STRICT_PROTOTYPES = YES;
				CLANG_WARN_SUSPICIOUS_MOVE = YES;
				CLANG_WARN_UNGUARDED_AVAILABILITY = YES_AGGRESSIVE;
				CLANG_WARN_UNREACHABLE_CODE = YES;
				CLANG_WARN__DUPLICATE_METHOD_MATCH = YES;
				COPY_PHASE_STRIP = NO;
				DEBUG_INFORMATION_FORMAT = "dwarf-with-dsym";
				ENABLE_NS_ASSERTIONS = NO;
				ENABLE_STRICT_OBJC_MSGSEND = YES;
				ENABLE_USER_SCRIPT_SANDBOXING = YES;
				GCC_C_LANGUAGE_STANDARD = gnu17;
				GCC_NO_COMMON_BLOCKS = YES;
				GCC_WARN_64_TO_32_BIT_CONVERSION = YES;
				GCC_WARN_ABOUT_RETURN_TYPE = YES_ERROR;
				GCC_WARN_UNDECLARED_SELECTOR = YES;
				GCC_WARN_UNINITIALIZED_AUTOS = YES_AGGRESSIVE;
				GCC_WARN_UNUSED_FUNCTION = YES;
				GCC_WARN_UNUSED_VARIABLE = YES;
				IPHONEOS_DEPLOYMENT_TARGET = 26.0;
				LOCALIZATION_PREFERS_STRING_CATALOGS = YES;
				MTL_ENABLE_DEBUG_INFO = NO;
				MTL_FAST_MATH = YES;
				SDKROOT = iphoneos;
				SWIFT_COMPILATION_MODE = wholemodule;
				VALIDATE_PRODUCT = YES;
			};
			name = Release;
		};
		D45122CA2FCAC53E0069CA00 /* Debug */ = {
			isa = XCBuildConfiguration;
			buildSettings = {
				ASSETCATALOG_COMPILER_APPICON_NAME = AppIcon;
				ASSETCATALOG_COMPILER_GLOBAL_ACCENT_COLOR_NAME = AccentColor;
				CODE_SIGN_STYLE = Automatic;
				CURRENT_PROJECT_VERSION = 1;
				ENABLE_PREVIEWS = YES;
				GENERATE_INFOPLIST_FILE = YES;
				INFOPLIST_KEY_UIApplicationSceneManifest_Generation = YES;
				INFOPLIST_KEY_UIApplicationSupportsIndirectInputEvents = YES;
				INFOPLIST_KEY_UILaunchScreen_Generation = YES;
				INFOPLIST_KEY_UISupportedInterfaceOrientations_iPad = "UIInterfaceOrientationPortrait UIInterfaceOrientationPortraitUpsideDown UIInterfaceOrientationLandscapeLeft UIInterfaceOrientationLandscapeRight";
				INFOPLIST_KEY_UISupportedInterfaceOrientations_iPhone = "UIInterfaceOrientationPortrait UIInterfaceOrientationLandscapeLeft UIInterfaceOrientationLandscapeRight";
				LD_RUNPATH_SEARCH_PATHS = (
					"$(inherited)",
					"@executable_path/Frameworks",
				);
				MARKETING_VERSION = 1.0;
				PRODUCT_BUNDLE_IDENTIFIER = "com.sliit.se4020.NurseryConnect-TabOS";
				PRODUCT_NAME = "$(TARGET_NAME)";
				STRING_CATALOG_GENERATE_SYMBOLS = YES;
				SWIFT_APPROACHABLE_CONCURRENCY = YES;
				SWIFT_DEFAULT_ACTOR_ISOLATION = MainActor;
				SWIFT_EMIT_LOC_STRINGS = YES;
				SWIFT_UPCOMING_FEATURE_MEMBER_IMPORT_VISIBILITY = YES;
				SWIFT_VERSION = 5.0;
				TARGETED_DEVICE_FAMILY = "1,2";
			};
			name = Debug;
		};
		D45122CB2FCAC53E0069CA00 /* Release */ = {
			isa = XCBuildConfiguration;
			buildSettings = {
				ASSETCATALOG_COMPILER_APPICON_NAME = AppIcon;
				ASSETCATALOG_COMPILER_GLOBAL_ACCENT_COLOR_NAME = AccentColor;
				CODE_SIGN_STYLE = Automatic;
				CURRENT_PROJECT_VERSION = 1;
				ENABLE_PREVIEWS = YES;
				GENERATE_INFOPLIST_FILE = YES;
				INFOPLIST_KEY_UIApplicationSceneManifest_Generation = YES;
				INFOPLIST_KEY_UIApplicationSupportsIndirectInputEvents = YES;
				INFOPLIST_KEY_UILaunchScreen_Generation = YES;
				INFOPLIST_KEY_UISupportedInterfaceOrientations_iPad = "UIInterfaceOrientationPortrait UIInterfaceOrientationPortraitUpsideDown UIInterfaceOrientationLandscapeLeft UIInterfaceOrientationLandscapeRight";
				INFOPLIST_KEY_UISupportedInterfaceOrientations_iPhone = "UIInterfaceOrientationPortrait UIInterfaceOrientationLandscapeLeft UIInterfaceOrientationLandscapeRight";
				LD_RUNPATH_SEARCH_PATHS = (
					"$(inherited)",
					"@executable_path/Frameworks",
				);
				MARKETING_VERSION = 1.0;
				PRODUCT_BUNDLE_IDENTIFIER = "com.sliit.se4020.NurseryConnect-TabOS";
				PRODUCT_NAME = "$(TARGET_NAME)";
				STRING_CATALOG_GENERATE_SYMBOLS = YES;
				SWIFT_APPROACHABLE_CONCURRENCY = YES;
				SWIFT_DEFAULT_ACTOR_ISOLATION = MainActor;
				SWIFT_EMIT_LOC_STRINGS = YES;
				SWIFT_UPCOMING_FEATURE_MEMBER_IMPORT_VISIBILITY = YES;
				SWIFT_VERSION = 5.0;
				TARGETED_DEVICE_FAMILY = "1,2";
			};
			name = Release;
		};
		D45122CD2FCAC53E0069CA00 /* Debug */ = {
			isa = XCBuildConfiguration;
			buildSettings = {
				BUNDLE_LOADER = "$(TEST_HOST)";
				CODE_SIGN_STYLE = Automatic;
				CURRENT_PROJECT_VERSION = 1;
				GENERATE_INFOPLIST_FILE = YES;
				IPHONEOS_DEPLOYMENT_TARGET = 26.0;
				MARKETING_VERSION = 1.0;
				PRODUCT_BUNDLE_IDENTIFIER = "com.sliit.se4020.NurseryConnect-TabOSTests";
				PRODUCT_NAME = "$(TARGET_NAME)";
				STRING_CATALOG_GENERATE_SYMBOLS = NO;
				SWIFT_APPROACHABLE_CONCURRENCY = YES;
				SWIFT_EMIT_LOC_STRINGS = NO;
				SWIFT_UPCOMING_FEATURE_MEMBER_IMPORT_VISIBILITY = YES;
				SWIFT_VERSION = 5.0;
				TARGETED_DEVICE_FAMILY = "1,2";
				TEST_HOST = "$(BUILT_PRODUCTS_DIR)/NurseryConnect-TabOS.app/$(BUNDLE_EXECUTABLE_FOLDER_PATH)/NurseryConnect-TabOS";
			};
			name = Debug;
		};
		D45122CE2FCAC53E0069CA00 /* Release */ = {
			isa = XCBuildConfiguration;
			buildSettings = {
				BUNDLE_LOADER = "$(TEST_HOST)";
				CODE_SIGN_STYLE = Automatic;
				CURRENT_PROJECT_VERSION = 1;
				GENERATE_INFOPLIST_FILE = YES;
				IPHONEOS_DEPLOYMENT_TARGET = 26.0;
				MARKETING_VERSION = 1.0;
				PRODUCT_BUNDLE_IDENTIFIER = "com.sliit.se4020.NurseryConnect-TabOSTests";
				PRODUCT_NAME = "$(TARGET_NAME)";
				STRING_CATALOG_GENERATE_SYMBOLS = NO;
				SWIFT_APPROACHABLE_CONCURRENCY = YES;
				SWIFT_EMIT_LOC_STRINGS = NO;
				SWIFT_UPCOMING_FEATURE_MEMBER_IMPORT_VISIBILITY = YES;
				SWIFT_VERSION = 5.0;
				TARGETED_DEVICE_FAMILY = "1,2";
				TEST_HOST = "$(BUILT_PRODUCTS_DIR)/NurseryConnect-TabOS.app/$(BUNDLE_EXECUTABLE_FOLDER_PATH)/NurseryConnect-TabOS";
			};
			name = Release;
		};
		D45122D02FCAC53E0069CA00 /* Debug */ = {
			isa = XCBuildConfiguration;
			buildSettings = {
				CODE_SIGN_STYLE = Automatic;
				CURRENT_PROJECT_VERSION = 1;
				GENERATE_INFOPLIST_FILE = YES;
				MARKETING_VERSION = 1.0;
				PRODUCT_BUNDLE_IDENTIFIER = "com.sliit.se4020.NurseryConnect-TabOSUITests";
				PRODUCT_NAME = "$(TARGET_NAME)";
				STRING_CATALOG_GENERATE_SYMBOLS = NO;
				SWIFT_APPROACHABLE_CONCURRENCY = YES;
				SWIFT_EMIT_LOC_STRINGS = NO;
				SWIFT_UPCOMING_FEATURE_MEMBER_IMPORT_VISIBILITY = YES;
				SWIFT_VERSION = 5.0;
				TARGETED_DEVICE_FAMILY = "1,2";
				TEST_TARGET_NAME = "NurseryConnect-TabOS";
			};
			name = Debug;
		};
		D45122D12FCAC53E0069CA00 /* Release */ = {
			isa = XCBuildConfiguration;
			buildSettings = {
				CODE_SIGN_STYLE = Automatic;
				CURRENT_PROJECT_VERSION = 1;
				GENERATE_INFOPLIST_FILE = YES;
				MARKETING_VERSION = 1.0;
				PRODUCT_BUNDLE_IDENTIFIER = "com.sliit.se4020.NurseryConnect-TabOSUITests";
				PRODUCT_NAME = "$(TARGET_NAME)";
				STRING_CATALOG_GENERATE_SYMBOLS = NO;
				SWIFT_APPROACHABLE_CONCURRENCY = YES;
				SWIFT_EMIT_LOC_STRINGS = NO;
				SWIFT_UPCOMING_FEATURE_MEMBER_IMPORT_VISIBILITY = YES;
				SWIFT_VERSION = 5.0;
				TARGETED_DEVICE_FAMILY = "1,2";
				TEST_TARGET_NAME = "NurseryConnect-TabOS";
			};
			name = Release;
		};
/* End XCBuildConfiguration section */

/* Begin XCConfigurationList section */
		D45122A12FCAC53D0069CA00 /* Build configuration list for PBXProject "NurseryConnect-TabOS" */ = {
			isa = XCConfigurationList;
			buildConfigurations = (
				D45122C72FCAC53E0069CA00 /* Debug */,
				D45122C82FCAC53E0069CA00 /* Release */,
			);
			defaultConfigurationIsVisible = 0;
			defaultConfigurationName = Release;
		};
		D45122C92FCAC53E0069CA00 /* Build configuration list for PBXNativeTarget "NurseryConnect-TabOS" */ = {
			isa = XCConfigurationList;
			buildConfigurations = (
				D45122CA2FCAC53E0069CA00 /* Debug */,
				D45122CB2FCAC53E0069CA00 /* Release */,
			);
			defaultConfigurationIsVisible = 0;
			defaultConfigurationName = Release;
		};
		D45122CC2FCAC53E0069CA00 /* Build configuration list for PBXNativeTarget "NurseryConnect-TabOSTests" */ = {
			isa = XCConfigurationList;
			buildConfigurations = (
				D45122CD2FCAC53E0069CA00 /* Debug */,
				D45122CE2FCAC53E0069CA00 /* Release */,
			);
			defaultConfigurationIsVisible = 0;
			defaultConfigurationName = Release;
		};
		D45122CF2FCAC53E0069CA00 /* Build configuration list for PBXNativeTarget "NurseryConnect-TabOSUITests" */ = {
			isa = XCConfigurationList;
			buildConfigurations = (
				D45122D02FCAC53E0069CA00 /* Debug */,
				D45122D12FCAC53E0069CA00 /* Release */,
			);
			defaultConfigurationIsVisible = 0;
			defaultConfigurationName = Release;
		};
/* End XCConfigurationList section */
	};
	rootObject = D451229E2FCAC53D0069CA00 /* Project object */;
}
